// !$*UTF8*$!
{
	archiveVersion = 1;
	classes = {
	};
	objectVersion = 77;
	objects = {

/* Begin PBXBuildFile section */
		455203382DD434790037E02A /* HomeViewController.swift in Sources */ = {isa = PBXBuildFile; fileRef = 455203212DD434790037E02A /* HomeViewController.swift */; };
		455203392DD434790037E02A /* FoodAnalysisResult.swift in Sources */ = {isa = PBXBuildFile; fileRef = 455203232DD434790037E02A /* FoodAnalysisResult.swift */; };
		4552033A2DD434790037E02A /* HomeView.swift in Sources */ = {isa = PBXBuildFile; fileRef = 455203252DD434790037E02A /* HomeView.swift */; };
		4552033B2DD434790037E02A /* HomeViewModel.swift in Sources */ = {isa = PBXBuildFile; fileRef = 455203272DD434790037E02A /* HomeViewModel.swift */; };
		4552033C2DD434790037E02A /* AppDelegate.swift in Sources */ = {isa = PBXBuildFile; fileRef = 455203342DD434790037E02A /* AppDelegate.swift */; };
		4552033D2DD434790037E02A /* SceneDelegate.swift in Sources */ = {isa = PBXBuildFile; fileRef = 455203362DD434790037E02A /* SceneDelegate.swift */; };
		4552033E2DD434790037E02A /* Assets.xcassets in Resources */ = {isa = PBXBuildFile; fileRef = 4552032B2DD434790037E02A /* Assets.xcassets */; };
		4552033F2DD434790037E02A /* LaunchScreen.storyboard in Resources */ = {isa = PBXBuildFile; fileRef = 4552032D2DD434790037E02A /* LaunchScreen.storyboard */; };
		455203422DD434A60037E02A /* ResultView.swift in Sources */ = {isa = PBXBuildFile; fileRef = 455203412DD434A60037E02A /* ResultView.swift */; };
		455203442DD434C70037E02A /* ResultViewController.swift in Sources */ = {isa = PBXBuildFile; fileRef = 455203432DD434C70037E02A /* ResultViewController.swift */; };
		455203462DD6B0340037E02A /* GeminiService.swift in Sources */ = {isa = PBXBuildFile; fileRef = 455203452DD6B0340037E02A /* GeminiService.swift */; };
/* End PBXBuildFile section */

/* Begin PBXFileReference section */
		455202F02DD403EC0037E02A /* Good Food Mood.app */ = {isa = PBXFileReference; explicitFileType = wrapper.application; includeInIndex = 0; path = "Good Food Mood.app"; sourceTree = BUILT_PRODUCTS_DIR; };
		455203212DD434790037E02A /* HomeViewController.swift */ = {isa = PBXFileReference; lastKnownFileType = sourcecode.swift; path = HomeViewController.swift; sourceTree = "<group>"; };
		455203232DD434790037E02A /* FoodAnalysisResult.swift */ = {isa = PBXFileReference; lastKnownFileType = sourcecode.swift; path = FoodAnalysisResult.swift; sourceTree = "<group>"; };
		455203252DD434790037E02A /* HomeView.swift */ = {isa = PBXFileReference; lastKnownFileType = sourcecode.swift; path = HomeView.swift; sourceTree = "<group>"; };
		455203272DD434790037E02A /* HomeViewModel.swift */ = {isa = PBXFileReference; lastKnownFileType = sourcecode.swift; path = HomeViewModel.swift; sourceTree = "<group>"; };
		4552032B2DD434790037E02A /* Assets.xcassets */ = {isa = PBXFileReference; lastKnownFileType = folder.assetcatalog; path = Assets.xcassets; sourceTree = "<group>"; };
		4552032C2DD434790037E02A /* Base */ = {isa = PBXFileReference; lastKnownFileType = file.storyboard; name = Base; path = Base.lproj/LaunchScreen.storyboard; sourceTree = "<group>"; };
		455203342DD434790037E02A /* AppDelegate.swift */ = {isa = PBXFileReference; lastKnownFileType = sourcecode.swift; path = AppDelegate.swift; sourceTree = "<group>"; };
		455203352DD434790037E02A /* Info.plist */ = {isa = PBXFileReference; lastKnownFileType = text.plist.xml; path = Info.plist; sourceTree = "<group>"; };
		455203362DD434790037E02A /* SceneDelegate.swift */ = {isa = PBXFileReference; lastKnownFileType = sourcecode.swift; path = SceneDelegate.swift; sourceTree = "<group>"; };
		455203412DD434A60037E02A /* ResultView.swift */ = {isa = PBXFileReference; lastKnownFileType = sourcecode.swift; path = ResultView.swift; sourceTree = "<group>"; };
		455203432DD434C70037E02A /* ResultViewController.swift */ = {isa = PBXFileReference; lastKnownFileType = sourcecode.swift; path = ResultViewController.swift; sourceTree = "<group>"; };
		455203452DD6B0340037E02A /* GeminiService.swift */ = {isa = PBXFileReference; lastKnownFileType = sourcecode.swift; path = GeminiService.swift; sourceTree = "<group>"; };
/* End PBXFileReference section */

/* Begin PBXFrameworksBuildPhase section */
		455202ED2DD403EC0037E02A /* Frameworks */ = {
			isa = PBXFrameworksBuildPhase;
			buildActionMask = 2147483647;
			files = (
			);
			runOnlyForDeploymentPostprocessing = 0;
		};
/* End PBXFrameworksBuildPhase section */

/* Begin PBXGroup section */
		455202E72DD403EC0037E02A = {
			isa = PBXGroup;
			children = (
				455203372DD434790037E02A /* Good Food Mood */,
				455202F12DD403EC0037E02A /* Products */,
			);
			sourceTree = "<group>";
		};
		455202F12DD403EC0037E02A /* Products */ = {
			isa = PBXGroup;
			children = (
				455202F02DD403EC0037E02A /* Good Food Mood.app */,
			);
			name = Products;
			sourceTree = "<group>";
		};
		455203222DD434790037E02A /* Controller */ = {
			isa = PBXGroup;
			children = (
				455203212DD434790037E02A /* HomeViewController.swift */,
			);
			path = Controller;
			sourceTree = "<group>";
		};
		455203242DD434790037E02A /* Model */ = {
			isa = PBXGroup;
			children = (
				455203232DD434790037E02A /* FoodAnalysisResult.swift */,
			);
			path = Model;
			sourceTree = "<group>";
		};
		455203262DD434790037E02A /* View */ = {
			isa = PBXGroup;
			children = (
				455203252DD434790037E02A /* HomeView.swift */,
			);
			path = View;
			sourceTree = "<group>";
		};
		455203282DD434790037E02A /* ViewModel */ = {
			isa = PBXGroup;
			children = (
				455203272DD434790037E02A /* HomeViewModel.swift */,
			);
			path = ViewModel;
			sourceTree = "<group>";
		};
		455203292DD434790037E02A /* Home */ = {
			isa = PBXGroup;
			children = (
				455203222DD434790037E02A /* Controller */,
				455203262DD434790037E02A /* View */,
				455203282DD434790037E02A /* ViewModel */,
			);
			path = Home;
			sourceTree = "<group>";
		};
		4552032A2DD434790037E02A /* Network */ = {
			isa = PBXGroup;
			children = (
				455203452DD6B0340037E02A /* GeminiService.swift */,
			);
			path = Network;
			sourceTree = "<group>";
		};
		4552032E2DD434790037E02A /* Resources */ = {
			isa = PBXGroup;
			children = (
				4552032B2DD434790037E02A /* Assets.xcassets */,
				4552032D2DD434790037E02A /* LaunchScreen.storyboard */,
			);
			path = Resources;
			sourceTree = "<group>";
		};
		4552032F2DD434790037E02A /* Controller */ = {
			isa = PBXGroup;
			children = (
				455203432DD434C70037E02A /* ResultViewController.swift */,
			);
			path = Controller;
			sourceTree = "<group>";
		};
		455203312DD434790037E02A /* View */ = {
			isa = PBXGroup;
			children = (
				455203412DD434A60037E02A /* ResultView.swift */,
			);
			path = View;
			sourceTree = "<group>";
		};
		455203332DD434790037E02A /* Result */ = {
			isa = PBXGroup;
			children = (
				4552032F2DD434790037E02A /* Controller */,
				455203312DD434790037E02A /* View */,
			);
			path = Result;
			sourceTree = "<group>";
		};
		455203372DD434790037E02A /* Good Food Mood */ = {
			isa = PBXGroup;
			children = (
				455203332DD434790037E02A /* Result */,
				455203292DD434790037E02A /* Home */,
				455203242DD434790037E02A /* Model */,
				4552032A2DD434790037E02A /* Network */,
				4552032E2DD434790037E02A /* Resources */,
				455203342DD434790037E02A /* AppDelegate.swift */,
				455203352DD434790037E02A /* Info.plist */,
				455203362DD434790037E02A /* SceneDelegate.swift */,
			);
			path = "Good Food Mood";
			sourceTree = "<group>";
		};
/* End PBXGroup section */

/* Begin PBXNativeTarget section */
		455202EF2DD403EC0037E02A /* Good Food Mood */ = {
			isa = PBXNativeTarget;
			buildConfigurationList = 455203032DD403EE0037E02A /* Build configuration list for PBXNativeTarget "Good Food Mood" */;
			buildPhases = (
				455202EC2DD403EC0037E02A /* Sources */,
				455202ED2DD403EC0037E02A /* Frameworks */,
				455202EE2DD403EC0037E02A /* Resources */,
			);
			buildRules = (
			);
			dependencies = (
			);
			name = "Good Food Mood";
			packageProductDependencies = (
			);
			productName = "Good Food Mood";
			productReference = 455202F02DD403EC0037E02A /* Good Food Mood.app */;
			productType = "com.apple.product-type.application";
		};
/* End PBXNativeTarget section */

/* Begin PBXProject section */
		455202E82DD403EC0037E02A /* Project object */ = {
			isa = PBXProject;
			attributes = {
				BuildIndependentTargetsInParallel = 1;
				LastSwiftUpdateCheck = 1630;
				LastUpgradeCheck = 1630;
				TargetAttributes = {
					455202EF2DD403EC0037E02A = {
						CreatedOnToolsVersion = 16.3;
					};
				};
			};
			buildConfigurationList = 455202EB2DD403EC0037E02A /* Build configuration list for PBXProject "Good Food Mood" */;
			developmentRegion = en;
			hasScannedForEncodings = 0;
			knownRegions = (
				en,
				Base,
			);
			mainGroup = 455202E72DD403EC0037E02A;
			minimizedProjectReferenceProxies = 1;
			preferredProjectObjectVersion = 77;
			productRefGroup = 455202F12DD403EC0037E02A /* Products */;
			projectDirPath = "";
			projectRoot = "";
			targets = (
				455202EF2DD403EC0037E02A /* Good Food Mood */,
			);
		};
/* End PBXProject section */

/* Begin PBXResourcesBuildPhase section */
		455202EE2DD403EC0037E02A /* Resources */ = {
			isa = PBXResourcesBuildPhase;
			buildActionMask = 2147483647;
			files = (
				4552033E2DD434790037E02A /* Assets.xcassets in Resources */,
				4552033F2DD434790037E02A /* LaunchScreen.storyboard in Resources */,
			);
			runOnlyForDeploymentPostprocessing = 0;
		};
/* End PBXResourcesBuildPhase section */

/* Begin PBXSourcesBuildPhase section */
		455202EC2DD403EC0037E02A /* Sources */ = {
			isa = PBXSourcesBuildPhase;
			buildActionMask = 2147483647;
			files = (
				455203382DD434790037E02A /* HomeViewController.swift in Sources */,
				455203462DD6B0340037E02A /* GeminiService.swift in Sources */,
				455203392DD434790037E02A /* FoodAnalysisResult.swift in Sources */,
				4552033A2DD434790037E02A /* HomeView.swift in Sources */,
				455203442DD434C70037E02A /* ResultViewController.swift in Sources */,
				4552033B2DD434790037E02A /* HomeViewModel.swift in Sources */,
				4552033C2DD434790037E02A /* AppDelegate.swift in Sources */,
				455203422DD434A60037E02A /* ResultView.swift in Sources */,
				4552033D2DD434790037E02A /* SceneDelegate.swift in Sources */,
			);
			runOnlyForDeploymentPostprocessing = 0;
		};
/* End PBXSourcesBuildPhase section */

/* Begin PBXVariantGroup section */
		4552032D2DD434790037E02A /* LaunchScreen.storyboard */ = {
			isa = PBXVariantGroup;
			children = (
				4552032C2DD434790037E02A /* Base */,
			);
			name = LaunchScreen.storyboard;
			sourceTree = "<group>";
		};
/* End PBXVariantGroup section */

/* Begin XCBuildConfiguration section */
		455203042DD403EE0037E02A /* Debug */ = {
			isa = XCBuildConfiguration;
			buildSettings = {
				ASSETCATALOG_COMPILER_APPICON_NAME = AppIcon;
				ASSETCATALOG_COMPILER_GLOBAL_ACCENT_COLOR_NAME = AccentColor;
				CODE_SIGN_STYLE = Automatic;
				CURRENT_PROJECT_VERSION = 1;
				DEVELOPMENT_TEAM = BRBBK3ZL4Y;
				GENERATE_INFOPLIST_FILE = YES;
				INFOPLIST_FILE = "Good Food Mood/Info.plist";
				INFOPLIST_KEY_UIApplicationSupportsIndirectInputEvents = YES;
				INFOPLIST_KEY_UILaunchStoryboardName = LaunchScreen;
				INFOPLIST_KEY_UISupportedInterfaceOrientations_iPad = "UIInterfaceOrientationPortrait UIInterfaceOrientationPortraitUpsideDown UIInterfaceOrientationLandscapeLeft UIInterfaceOrientationLandscapeRight";
				INFOPLIST_KEY_UISupportedInterfaceOrientations_iPhone = "UIInterfaceOrientationPortrait UIInterfaceOrientationLandscapeLeft UIInterfaceOrientationLandscapeRight";
				LD_RUNPATH_SEARCH_PATHS = (
					"$(inherited)",
					"@executable_path/Frameworks",
				);
				MARKETING_VERSION = 1.0;
				PRODUCT_BUNDLE_IDENTIFIER = "biyush.shrestha.Good-Food-Mood";
				PRODUCT_NAME = "$(TARGET_NAME)";
				SWIFT_EMIT_LOC_STRINGS = YES;
				SWIFT_VERSION = 5.0;
				TARGETED_DEVICE_FAMILY = "1,2";
			};
			name = Debug;
		};
		455203052DD403EE0037E02A /* Release */ = {
			isa = XCBuildConfiguration;
			buildSettings = {
				ASSETCATALOG_COMPILER_APPICON_NAME = AppIcon;
				ASSETCATALOG_COMPILER_GLOBAL_ACCENT_COLOR_NAME = AccentColor;
				CODE_SIGN_STYLE = Automatic;
				CURRENT_PROJECT_VERSION = 1;
				DEVELOPMENT_TEAM = BRBBK3ZL4Y;
				GENERATE_INFOPLIST_FILE = YES;
				INFOPLIST_FILE = "Good Food Mood/Info.plist";
				INFOPLIST_KEY_UIApplicationSupportsIndirectInputEvents = YES;
				INFOPLIST_KEY_UILaunchStoryboardName = LaunchScreen;
				INFOPLIST_KEY_UISupportedInterfaceOrientations_iPad = "UIInterfaceOrientationPortrait UIInterfaceOrientationPortraitUpsideDown UIInterfaceOrientationLandscapeLeft UIInterfaceOrientationLandscapeRight";
				INFOPLIST_KEY_UISupportedInterfaceOrientations_iPhone = "UIInterfaceOrientationPortrait UIInterfaceOrientationLandscapeLeft UIInterfaceOrientationLandscapeRight";
				LD_RUNPATH_SEARCH_PATHS = (
					"$(inherited)",
					"@executable_path/Frameworks",
				);
				MARKETING_VERSION = 1.0;
				PRODUCT_BUNDLE_IDENTIFIER = "biyush.shrestha.Good-Food-Mood";
				PRODUCT_NAME = "$(TARGET_NAME)";
				SWIFT_EMIT_LOC_STRINGS = YES;
				SWIFT_VERSION = 5.0;
				TARGETED_DEVICE_FAMILY = "1,2";
			};
			name = Release;
		};
		455203062DD403EE0037E02A /* Debug */ = {
			isa = XCBuildConfiguration;
			buildSettings = {
				ALWAYS_SEARCH_USER_PATHS = NO;
				ASSETCATALOG_COMPILER_GENERATE_SWIFT_ASSET_SYMBOL_EXTENSIONS = YES;
				CLANG_ANALYZER_NONNULL = YES;
				CLANG_ANALYZER_NUMBER_OBJECT_CONVERSION = YES_AGGRESSIVE;
				CLANG_CXX_LANGUAGE_STANDARD = "gnu++20";
				CLANG_ENABLE_MODULES = YES;
				CLANG_ENABLE_OBJC_ARC = YES;
				CLANG_ENABLE_OBJC_WEAK = YES;
				CLANG_WARN_BLOCK_CAPTURE_AUTORELEASING = YES;
				CLANG_WARN_BOOL_CONVERSION = YES;
				CLANG_WARN_COMMA = YES;
				CLANG_WARN_CONSTANT_CONVERSION = YES;
				CLANG_WARN_DEPRECATED_OBJC_IMPLEMENTATIONS = YES;
				CLANG_WARN_DIRECT_OBJC_ISA_USAGE = YES_ERROR;
				CLANG_WARN_DOCUMENTATION_COMMENTS = YES;
				CLANG_WARN_EMPTY_BODY = YES;
				CLANG_WARN_ENUM_CONVERSION = YES;
				CLANG_WARN_INFINITE_RECURSION = YES;
				CLANG_WARN_INT_CONVERSION = YES;
				CLANG_WARN_NON_LITERAL_NULL_CONVERSION = YES;
				CLANG_WARN_OBJC_IMPLICIT_RETAIN_SELF = YES;
				CLANG_WARN_OBJC_LITERAL_CONVERSION = YES;
				CLANG_WARN_OBJC_ROOT_CLASS = YES_ERROR;
				CLANG_WARN_QUOTED_INCLUDE_IN_FRAMEWORK_HEADER = YES;
				CLANG_WARN_RANGE_LOOP_ANALYSIS = YES;
				CLANG_WARN_STRICT_PROTOTYPES = YES;
				CLANG_WARN_SUSPICIOUS_MOVE = YES;
				CLANG_WARN_UNGUARDED_AVAILABILITY = YES_AGGRESSIVE;
				CLANG_WARN_UNREACHABLE_CODE = YES;
				CLANG_WARN__DUPLICATE_METHOD_MATCH = YES;
				COPY_PHASE_STRIP = NO;
				DEBUG_INFORMATION_FORMAT = dwarf;
				DEVELOPMENT_TEAM = BRBBK3ZL4Y;
				ENABLE_STRICT_OBJC_MSGSEND = YES;
				ENABLE_TESTABILITY = YES;
				ENABLE_USER_SCRIPT_SANDBOXING = YES;
				GCC_C_LANGUAGE_STANDARD = gnu17;
				GCC_DYNAMIC_NO_PIC = NO;
				GCC_NO_COMMON_BLOCKS = YES;
				GCC_OPTIMIZATION_LEVEL = 0;
				GCC_PREPROCESSOR_DEFINITIONS = (
					"DEBUG=1",
					"$(inherited)",
				);
				GCC_WARN_64_TO_32_BIT_CONVERSION = YES;
				GCC_WARN_ABOUT_RETURN_TYPE = YES_ERROR;
				GCC_WARN_UNDECLARED_SELECTOR = YES;
				GCC_WARN_UNINITIALIZED_AUTOS = YES_AGGRESSIVE;
				GCC_WARN_UNUSED_FUNCTION = YES;
				GCC_WARN_UNUSED_VARIABLE = YES;
				IPHONEOS_DEPLOYMENT_TARGET = 18.4;
				LOCALIZATION_PREFERS_STRING_CATALOGS = YES;
				MTL_ENABLE_DEBUG_INFO = INCLUDE_SOURCE;
				MTL_FAST_MATH = YES;
				ONLY_ACTIVE_ARCH = YES;
				SDKROOT = iphoneos;
				SWIFT_ACTIVE_COMPILATION_CONDITIONS = "DEBUG $(inherited)";
				SWIFT_OPTIMIZATION_LEVEL = "-Onone";
			};
			name = Debug;
		};
		455203072DD403EE0037E02A /* Release */ = {
			isa = XCBuildConfiguration;
			buildSettings = {
				ALWAYS_SEARCH_USER_PATHS = NO;
				ASSETCATALOG_COMPILER_GENERATE_SWIFT_ASSET_SYMBOL_EXTENSIONS = YES;
				CLANG_ANALYZER_NONNULL = YES;
				CLANG_ANALYZER_NUMBER_OBJECT_CONVERSION = YES_AGGRESSIVE;
				CLANG_CXX_LANGUAGE_STANDARD = "gnu++20";
				CLANG_ENABLE_MODULES = YES;
				CLANG_ENABLE_OBJC_ARC = YES;
				CLANG_ENABLE_OBJC_WEAK = YES;
				CLANG_WARN_BLOCK_CAPTURE_AUTORELEASING = YES;
				CLANG_WARN_BOOL_CONVERSION = YES;
				CLANG_WARN_COMMA = YES;
				CLANG_WARN_CONSTANT_CONVERSION = YES;
				CLANG_WARN_DEPRECATED_OBJC_IMPLEMENTATIONS = YES;
				CLANG_WARN_DIRECT_OBJC_ISA_USAGE = YES_ERROR;
				CLANG_WARN_DOCUMENTATION_COMMENTS = YES;
				CLANG_WARN_EMPTY_BODY = YES;
				CLANG_WARN_ENUM_CONVERSION = YES;
				CLANG_WARN_INFINITE_RECURSION = YES;
				CLANG_WARN_INT_CONVERSION = YES;
				CLANG_WARN_NON_LITERAL_NULL_CONVERSION = YES;
				CLANG_WARN_OBJC_IMPLICIT_RETAIN_SELF = YES;
				CLANG_WARN_OBJC_LITERAL_CONVERSION = YES;
				CLANG_WARN_OBJC_ROOT_CLASS = YES_ERROR;
				CLANG_WARN_QUOTED_INCLUDE_IN_FRAMEWORK_HEADER = YES;
				CLANG_WARN_RANGE_LOOP_ANALYSIS = YES;
				CLANG_WARN_STRICT_PROTOTYPES = YES;
				CLANG_WARN_SUSPICIOUS_MOVE = YES;
				CLANG_WARN_UNGUARDED_AVAILABILITY = YES_AGGRESSIVE;
				CLANG_WARN_UNREACHABLE_CODE = YES;
				CLANG_WARN__DUPLICATE_METHOD_MATCH = YES;
				COPY_PHASE_STRIP = NO;
				DEBUG_INFORMATION_FORMAT = "dwarf-with-dsym";
				DEVELOPMENT_TEAM = BRBBK3ZL4Y;
				ENABLE_NS_ASSERTIONS = NO;
				ENABLE_STRICT_OBJC_MSGSEND = YES;
				ENABLE_USER_SCRIPT_SANDBOXING = YES;
				GCC_C_LANGUAGE_STANDARD = gnu17;
				GCC_NO_COMMON_BLOCKS = YES;
				GCC_WARN_64_TO_32_BIT_CONVERSION = YES;
				GCC_WARN_ABOUT_RETURN_TYPE = YES_ERROR;
				GCC_WARN_UNDECLARED_SELECTOR = YES;
				GCC_WARN_UNINITIALIZED_AUTOS = YES_AGGRESSIVE;
				GCC_WARN_UNUSED_FUNCTION = YES;
				GCC_WARN_UNUSED_VARIABLE = YES;
				IPHONEOS_DEPLOYMENT_TARGET = 18.4;
				LOCALIZATION_PREFERS_STRING_CATALOGS = YES;
				MTL_ENABLE_DEBUG_INFO = NO;
				MTL_FAST_MATH = YES;
				SDKROOT = iphoneos;
				SWIFT_COMPILATION_MODE = wholemodule;
				VALIDATE_PRODUCT = YES;
			};
			name = Release;
		};
/* End XCBuildConfiguration section */

/* Begin XCConfigurationList section */
		455202EB2DD403EC0037E02A /* Build configuration list for PBXProject "Good Food Mood" */ = {
			isa = XCConfigurationList;
			buildConfigurations = (
				455203062DD403EE0037E02A /* Debug */,
				455203072DD403EE0037E02A /* Release */,
			);
			defaultConfigurationIsVisible = 0;
			defaultConfigurationName = Release;
		};
		455203032DD403EE0037E02A /* Build configuration list for PBXNativeTarget "Good Food Mood" */ = {
			isa = XCConfigurationList;
			buildConfigurations = (
				455203042DD403EE0037E02A /* Debug */,
				455203052DD403EE0037E02A /* Release */,
			);
			defaultConfigurationIsVisible = 0;
			defaultConfigurationName = Release;
		};
/* End XCConfigurationList section */
	};
	rootObject = 455202E82DD403EC0037E02A /* Project object */;
}
